// !$*UTF8*$!
{
	archiveVersion = 1;
	classes = {
	};
	objectVersion = 46;
	objects = {

/* Begin PBXBuildFile section */
		9CE2D5121F0B348C007DD94E /* ModalView_Slider.swift in Sources */ = {isa = PBXBuildFile; fileRef = 9CE2D5111F0B348C007DD94E /* ModalView_Slider.swift */; };
		9CE2D5141F0B3D28007DD94E /* ModalView_extension.swift in Sources */ = {isa = PBXBuildFile; fileRef = 9CE2D5131F0B3D28007DD94E /* ModalView_extension.swift */; };
		9CE875741F0A348A00AE3C26 /* AppDelegate.swift in Sources */ = {isa = PBXBuildFile; fileRef = 9CE875731F0A348A00AE3C26 /* AppDelegate.swift */; };
		9CE875761F0A348A00AE3C26 /* ViewController.swift in Sources */ = {isa = PBXBuildFile; fileRef = 9CE875751F0A348A00AE3C26 /* ViewController.swift */; };
		9CE875791F0A348A00AE3C26 /* Main.storyboard in Resources */ = {isa = PBXBuildFile; fileRef = 9CE875771F0A348A00AE3C26 /* Main.storyboard */; };
		9CE8757B1F0A348A00AE3C26 /* Assets.xcassets in Resources */ = {isa = PBXBuildFile; fileRef = 9CE8757A1F0A348A00AE3C26 /* Assets.xcassets */; };
		9CE8757E1F0A348A00AE3C26 /* LaunchScreen.storyboard in Resources */ = {isa = PBXBuildFile; fileRef = 9CE8757C1F0A348A00AE3C26 /* LaunchScreen.storyboard */; };
		9CE875881F0A351700AE3C26 /* ModalView.swift in Sources */ = {isa = PBXBuildFile; fileRef = 9CE875871F0A351700AE3C26 /* ModalView.swift */; };
		9CE8758A1F0A494F00AE3C26 /* ModalView_TableView.swift in Sources */ = {isa = PBXBuildFile; fileRef = 9CE875891F0A494F00AE3C26 /* ModalView_TableView.swift */; };
		9CE8758C1F0A4F5500AE3C26 /* TableViewController.swift in Sources */ = {isa = PBXBuildFile; fileRef = 9CE8758B1F0A4F5500AE3C26 /* TableViewController.swift */; };
/* End PBXBuildFile section */

/* Begin PBXFileReference section */
		9CE2D5111F0B348C007DD94E /* ModalView_Slider.swift */ = {isa = PBXFileReference; fileEncoding = 4; lastKnownFileType = sourcecode.swift; path = ModalView_Slider.swift; sourceTree = "<group>"; };
		9CE2D5131F0B3D28007DD94E /* ModalView_extension.swift */ = {isa = PBXFileReference; fileEncoding = 4; lastKnownFileType = sourcecode.swift; path = ModalView_extension.swift; sourceTree = "<group>"; };
		9CE875701F0A348A00AE3C26 /* ModalView.app */ = {isa = PBXFileReference; explicitFileType = wrapper.application; includeInIndex = 0; path = ModalView.app; sourceTree = BUILT_PRODUCTS_DIR; };
		9CE875731F0A348A00AE3C26 /* AppDelegate.swift */ = {isa = PBXFileReference; lastKnownFileType = sourcecode.swift; path = AppDelegate.swift; sourceTree = "<group>"; };
		9CE875751F0A348A00AE3C26 /* ViewController.swift */ = {isa = PBXFileReference; lastKnownFileType = sourcecode.swift; path = ViewController.swift; sourceTree = "<group>"; };
		9CE875781F0A348A00AE3C26 /* Base */ = {isa = PBXFileReference; lastKnownFileType = file.storyboard; name = Base; path = Base.lproj/Main.storyboard; sourceTree = "<group>"; };
		9CE8757A1F0A348A00AE3C26 /* Assets.xcassets */ = {isa = PBXFileReference; lastKnownFileType = folder.assetcatalog; path = Assets.xcassets; sourceTree = "<group>"; };
		9CE8757D1F0A348A00AE3C26 /* Base */ = {isa = PBXFileReference; lastKnownFileType = file.storyboard; name = Base; path = Base.lproj/LaunchScreen.storyboard; sourceTree = "<group>"; };
		9CE8757F1F0A348A00AE3C26 /* Info.plist */ = {isa = PBXFileReference; lastKnownFileType = text.plist.xml; path = Info.plist; sourceTree = "<group>"; };
		9CE875871F0A351700AE3C26 /* ModalView.swift */ = {isa = PBXFileReference; fileEncoding = 4; lastKnownFileType = sourcecode.swift; path = ModalView.swift; sourceTree = "<group>"; };
		9CE875891F0A494F00AE3C26 /* ModalView_TableView.swift */ = {isa = PBXFileReference; fileEncoding = 4; lastKnownFileType = sourcecode.swift; path = ModalView_TableView.swift; sourceTree = "<group>"; };
		9CE8758B1F0A4F5500AE3C26 /* TableViewController.swift */ = {isa = PBXFileReference; fileEncoding = 4; lastKnownFileType = sourcecode.swift; path = TableViewController.swift; sourceTree = "<group>"; };
/* End PBXFileReference section */

/* Begin PBXFrameworksBuildPhase section */
		9CE8756D1F0A348A00AE3C26 /* Frameworks */ = {
			isa = PBXFrameworksBuildPhase;
			buildActionMask = 2147483647;
			files = (
			);
			runOnlyForDeploymentPostprocessing = 0;
		};
/* End PBXFrameworksBuildPhase section */

/* Begin PBXGroup section */
		9CE875671F0A348A00AE3C26 = {
			isa = PBXGroup;
			children = (
				9CE875721F0A348A00AE3C26 /* ModalView */,
				9CE875861F0A350700AE3C26 /* Modal */,
				9CE875711F0A348A00AE3C26 /* Products */,
			);
			sourceTree = "<group>";
		};
		9CE875711F0A348A00AE3C26 /* Products */ = {
			isa = PBXGroup;
			children = (
				9CE875701F0A348A00AE3C26 /* ModalView.app */,
			);
			name = Products;
			sourceTree = "<group>";
		};
		9CE875721F0A348A00AE3C26 /* ModalView */ = {
			isa = PBXGroup;
			children = (
				9CE875851F0A34E300AE3C26 /* Project Resource */,
			);
			path = ModalView;
			sourceTree = "<group>";
		};
		9CE875851F0A34E300AE3C26 /* Project Resource */ = {
			isa = PBXGroup;
			children = (
				9CE875731F0A348A00AE3C26 /* AppDelegate.swift */,
				9CE875751F0A348A00AE3C26 /* ViewController.swift */,
				9CE8758B1F0A4F5500AE3C26 /* TableViewController.swift */,
				9CE875771F0A348A00AE3C26 /* Main.storyboard */,
				9CE8757A1F0A348A00AE3C26 /* Assets.xcassets */,
				9CE8757C1F0A348A00AE3C26 /* LaunchScreen.storyboard */,
				9CE8757F1F0A348A00AE3C26 /* Info.plist */,
			);
			name = "Project Resource";
			sourceTree = "<group>";
		};
		9CE875861F0A350700AE3C26 /* Modal */ = {
			isa = PBXGroup;
			children = (
				9CE875871F0A351700AE3C26 /* ModalView.swift */,
				9CE875891F0A494F00AE3C26 /* ModalView_TableView.swift */,
				9CE2D5111F0B348C007DD94E /* ModalView_Slider.swift */,
				9CE2D5131F0B3D28007DD94E /* ModalView_extension.swift */,
			);
			path = Modal;
			sourceTree = "<group>";
		};
/* End PBXGroup section */

/* Begin PBXNativeTarget section */
		9CE8756F1F0A348A00AE3C26 /* ModalView */ = {
			isa = PBXNativeTarget;
			buildConfigurationList = 9CE875821F0A348A00AE3C26 /* Build configuration list for PBXNativeTarget "ModalView" */;
			buildPhases = (
				9CE8756C1F0A348A00AE3C26 /* Sources */,
				9CE8756D1F0A348A00AE3C26 /* Frameworks */,
				9CE8756E1F0A348A00AE3C26 /* Resources */,
			);
			buildRules = (
			);
			dependencies = (
			);
			name = ModalView;
			productName = ModalView;
			productReference = 9CE875701F0A348A00AE3C26 /* ModalView.app */;
			productType = "com.apple.product-type.application";
		};
/* End PBXNativeTarget section */

/* Begin PBXProject section */
		9CE875681F0A348A00AE3C26 /* Project object */ = {
			isa = PBXProject;
			attributes = {
				LastSwiftUpdateCheck = 0830;
				LastUpgradeCheck = 0830;
				ORGANIZATIONNAME = Myron;
				TargetAttributes = {
					9CE8756F1F0A348A00AE3C26 = {
						CreatedOnToolsVersion = 8.3.3;
						DevelopmentTeam = 9X2EVZ736U;
						ProvisioningStyle = Automatic;
					};
				};
			};
			buildConfigurationList = 9CE8756B1F0A348A00AE3C26 /* Build configuration list for PBXProject "ModalView" */;
			compatibilityVersion = "Xcode 3.2";
			developmentRegion = English;
			hasScannedForEncodings = 0;
			knownRegions = (
				en,
				Base,
			);
			mainGroup = 9CE875671F0A348A00AE3C26;
			productRefGroup = 9CE875711F0A348A00AE3C26 /* Products */;
			projectDirPath = "";
			projectRoot = "";
			targets = (
				9CE8756F1F0A348A00AE3C26 /* ModalView */,
			);
		};
/* End PBXProject section */

/* Begin PBXResourcesBuildPhase section */
		9CE8756E1F0A348A00AE3C26 /* Resources */ = {
			isa = PBXResourcesBuildPhase;
			buildActionMask = 2147483647;
			files = (
				9CE8757E1F0A348A00AE3C26 /* LaunchScreen.storyboard in Resources */,
				9CE8757B1F0A348A00AE3C26 /* Assets.xcassets in Resources */,
				9CE875791F0A348A00AE3C26 /* Main.storyboard in Resources */,
			);
			runOnlyForDeploymentPostprocessing = 0;
		};
/* End PBXResourcesBuildPhase section */

/* Begin PBXSourcesBuildPhase section */
		9CE8756C1F0A348A00AE3C26 /* Sources */ = {
			isa = PBXSourcesBuildPhase;
			buildActionMask = 2147483647;
			files = (
				9CE875881F0A351700AE3C26 /* ModalView.swift in Sources */,
				9CE875761F0A348A00AE3C26 /* ViewController.swift in Sources */,
				9CE8758A1F0A494F00AE3C26 /* ModalView_TableView.swift in Sources */,
				9CE2D5121F0B348C007DD94E /* ModalView_Slider.swift in Sources */,
				9CE8758C1F0A4F5500AE3C26 /* TableViewController.swift in Sources */,
				9CE2D5141F0B3D28007DD94E /* ModalView_extension.swift in Sources */,
				9CE875741F0A348A00AE3C26 /* AppDelegate.swift in Sources */,
			);
			runOnlyForDeploymentPostprocessing = 0;
		};
/* End PBXSourcesBuildPhase section */

/* Begin PBXVariantGroup section */
		9CE875771F0A348A00AE3C26 /* Main.storyboard */ = {
			isa = PBXVariantGroup;
			children = (
				9CE875781F0A348A00AE3C26 /* Base */,
			);
			name = Main.storyboard;
			sourceTree = "<group>";
		};
		9CE8757C1F0A348A00AE3C26 /* LaunchScreen.storyboard */ = {
			isa = PBXVariantGroup;
			children = (
				9CE8757D1F0A348A00AE3C26 /* Base */,
			);
			name = LaunchScreen.storyboard;
			sourceTree = "<group>";
		};
/* End PBXVariantGroup section */

/* Begin XCBuildConfiguration section */
		9CE875801F0A348A00AE3C26 /* Debug */ = {
			isa = XCBuildConfiguration;
			buildSettings = {
				ALWAYS_SEARCH_USER_PATHS = NO;
				CLANG_ANALYZER_NONNULL = YES;
				CLANG_ANALYZER_NUMBER_OBJECT_CONVERSION = YES_AGGRESSIVE;
				CLANG_CXX_LANGUAGE_STANDARD = "gnu++0x";
				CLANG_CXX_LIBRARY = "libc++";
				CLANG_ENABLE_MODULES = YES;
				CLANG_ENABLE_OBJC_ARC = YES;
				CLANG_WARN_BOOL_CONVERSION = YES;
				CLANG_WARN_CONSTANT_CONVERSION = YES;
				CLANG_WARN_DIRECT_OBJC_ISA_USAGE = YES_ERROR;
				CLANG_WARN_DOCUMENTATION_COMMENTS = YES;
				CLANG_WARN_EMPTY_BODY = YES;
				CLANG_WARN_ENUM_CONVERSION = YES;
				CLANG_WARN_INFINITE_RECURSION = YES;
				CLANG_WARN_INT_CONVERSION = YES;
				CLANG_WARN_OBJC_ROOT_CLASS = YES_ERROR;
				CLANG_WARN_SUSPICIOUS_MOVE = YES;
				CLANG_WARN_UNREACHABLE_CODE = YES;
				CLANG_WARN__DUPLICATE_METHOD_MATCH = YES;
				"CODE_SIGN_IDENTITY[sdk=iphoneos*]" = "iPhone Developer";
				COPY_PHASE_STRIP = NO;
				DEBUG_INFORMATION_FORMAT = dwarf;
				ENABLE_STRICT_OBJC_MSGSEND = YES;
				ENABLE_TESTABILITY = YES;
				GCC_C_LANGUAGE_STANDARD = gnu99;
				GCC_DYNAMIC_NO_PIC = NO;
				GCC_NO_COMMON_BLOCKS = YES;
				GCC_OPTIMIZATION_LEVEL = 0;
				GCC_PREPROCESSOR_DEFINITIONS = (
					"DEBUG=1",
					"$(inherited)",
				);
				GCC_WARN_64_TO_32_BIT_CONVERSION = YES;
				GCC_WARN_ABOUT_RETURN_TYPE = YES_ERROR;
				GCC_WARN_UNDECLARED_SELECTOR = YES;
				GCC_WARN_UNINITIALIZED_AUTOS = YES_AGGRESSIVE;
				GCC_WARN_UNUSED_FUNCTION = YES;
				GCC_WARN_UNUSED_VARIABLE = YES;
				IPHONEOS_DEPLOYMENT_TARGET = 10.3;
				MTL_ENABLE_DEBUG_INFO = YES;
				ONLY_ACTIVE_ARCH = YES;
				SDKROOT = iphoneos;
				SWIFT_ACTIVE_COMPILATION_CONDITIONS = DEBUG;
				SWIFT_OPTIMIZATION_LEVEL = "-Onone";
				TARGETED_DEVICE_FAMILY = "1,2";
			};
			name = Debug;
		};
		9CE875811F0A348A00AE3C26 /* Release */ = {
			isa = XCBuildConfiguration;
			buildSettings = {
				ALWAYS_SEARCH_USER_PATHS = NO;
				CLANG_ANALYZER_NONNULL = YES;
				CLANG_ANALYZER_NUMBER_OBJECT_CONVERSION = YES_AGGRESSIVE;
				CLANG_CXX_LANGUAGE_STANDARD = "gnu++0x";
				CLANG_CXX_LIBRARY = "libc++";
				CLANG_ENABLE_MODULES = YES;
				CLANG_ENABLE_OBJC_ARC = YES;
				CLANG_WARN_BOOL_CONVERSION = YES;
				CLANG_WARN_CONSTANT_CONVERSION = YES;
				CLANG_WARN_DIRECT_OBJC_ISA_USAGE = YES_ERROR;
				CLANG_WARN_DOCUMENTATION_COMMENTS = YES;
				CLANG_WARN_EMPTY_BODY = YES;
				CLANG_WARN_ENUM_CONVERSION = YES;
				CLANG_WARN_INFINITE_RECURSION = YES;
				CLANG_WARN_INT_CONVERSION = YES;
				CLANG_WARN_OBJC_ROOT_CLASS = YES_ERROR;
				CLANG_WARN_SUSPICIOUS_MOVE = YES;
				CLANG_WARN_UNREACHABLE_CODE = YES;
				CLANG_WARN__DUPLICATE_METHOD_MATCH = YES;
				"CODE_SIGN_IDENTITY[sdk=iphoneos*]" = "iPhone Developer";
				COPY_PHASE_STRIP = NO;
				DEBUG_INFORMATION_FORMAT = "dwarf-with-dsym";
				ENABLE_NS_ASSERTIONS = NO;
				ENABLE_STRICT_OBJC_MSGSEND = YES;
				GCC_C_LANGUAGE_STANDARD = gnu99;
				GCC_NO_COMMON_BLOCKS = YES;
				GCC_WARN_64_TO_32_BIT_CONVERSION = YES;
				GCC_WARN_ABOUT_RETURN_TYPE = YES_ERROR;
				GCC_WARN_UNDECLARED_SELECTOR = YES;
				GCC_WARN_UNINITIALIZED_AUTOS = YES_AGGRESSIVE;
				GCC_WARN_UNUSED_FUNCTION = YES;
				GCC_WARN_UNUSED_VARIABLE = YES;
				IPHONEOS_DEPLOYMENT_TARGET = 10.3;
				MTL_ENABLE_DEBUG_INFO = NO;
				SDKROOT = iphoneos;
				SWIFT_OPTIMIZATION_LEVEL = "-Owholemodule";
				TARGETED_DEVICE_FAMILY = "1,2";
				VALIDATE_PRODUCT = YES;
			};
			name = Release;
		};
		9CE875831F0A348A00AE3C26 /* Debug */ = {
			isa = XCBuildConfiguration;
			buildSettings = {
				ASSETCATALOG_COMPILER_APPICON_NAME = AppIcon;
				DEVELOPMENT_TEAM = 9X2EVZ736U;
				INFOPLIST_FILE = ModalView/Info.plist;
				IPHONEOS_DEPLOYMENT_TARGET = 8.0;
				LD_RUNPATH_SEARCH_PATHS = "$(inherited) @executable_path/Frameworks";
				PRODUCT_BUNDLE_IDENTIFIER = myron.ModalView;
				PRODUCT_NAME = "$(TARGET_NAME)";
				SWIFT_VERSION = 3.0;
			};
			name = Debug;
		};
		9CE875841F0A348A00AE3C26 /* Release */ = {
			isa = XCBuildConfiguration;
			buildSettings = {
				ASSETCATALOG_COMPILER_APPICON_NAME = AppIcon;
				DEVELOPMENT_TEAM = 9X2EVZ736U;
				INFOPLIST_FILE = ModalView/Info.plist;
				IPHONEOS_DEPLOYMENT_TARGET = 8.0;
				LD_RUNPATH_SEARCH_PATHS = "$(inherited) @executable_path/Frameworks";
				PRODUCT_BUNDLE_IDENTIFIER = myron.ModalView;
				PRODUCT_NAME = "$(TARGET_NAME)";
				SWIFT_VERSION = 3.0;
			};
			name = Release;
		};
/* End XCBuildConfiguration section */

/* Begin XCConfigurationList section */
		9CE8756B1F0A348A00AE3C26 /* Build configuration list for PBXProject "ModalView" */ = {
			isa = XCConfigurationList;
			buildConfigurations = (
				9CE875801F0A348A00AE3C26 /* Debug */,
				9CE875811F0A348A00AE3C26 /* Release */,
			);
			defaultConfigurationIsVisible = 0;
			defaultConfigurationName = Release;
		};
		9CE875821F0A348A00AE3C26 /* Build configuration list for PBXNativeTarget "ModalView" */ = {
			isa = XCConfigurationList;
			buildConfigurations = (
				9CE875831F0A348A00AE3C26 /* Debug */,
				9CE875841F0A348A00AE3C26 /* Release */,
			);
			defaultConfigurationIsVisible = 0;
			defaultConfigurationName = Release;
		};
/* End XCConfigurationList section */
	};
	rootObject = 9CE875681F0A348A00AE3C26 /* Project object */;
}
